
Microsoft Visual Studio Solution File, Format Version 12.00
# Visual Studio 15
VisualStudioVersion = 15.0.27703.2047
MinimumVisualStudioVersion = 10.0.40219.1
Project("{9A19103F-16F7-4668-BE54-9A1E7A4F7556}") = "Tasklist.API", "Tasklist\Tasklist.API.csproj", "{45817625-5FF6-4FE4-8E65-BD3E5A758406}"
EndProject
Project("{9A19103F-16F7-4668-BE54-9A1E7A4F7556}") = "Tasklist.Domain", "Tasklist.Domain\Tasklist.Domain.csproj", "{9AC08113-076A-40DE-8F9A-73BD5BBA9D60}"
EndProject
Project("{9A19103F-16F7-4668-BE54-9A1E7A4F7556}") = "Tasklist.Infra", "Tasklist.Infra\Tasklist.Infra.csproj", "{960B7760-294A-4A7B-833D-3FA1A24BF582}"
EndProject
Project("{FAE04EC0-301F-11D3-BF4B-00C04F79EFBC}") = "Tasklist.Test", "Tasklist.Test\Tasklist.Test.csproj", "{FA931CCD-11C9-4D3B-AD38-067A99A88B41}"
EndProject
Project("{FAE04EC0-301F-11D3-BF4B-00C04F79EFBC}") = "Tasklist.App", "Tasklist.App\Tasklist.App.csproj", "{F8C53DA9-9818-48A0-8965-0B699D1708CF}"
EndProject
Global
	GlobalSection(SolutionConfigurationPlatforms) = preSolution
		Debug|Any CPU = Debug|Any CPU
		Release|Any CPU = Release|Any CPU
	EndGlobalSection
	GlobalSection(ProjectConfigurationPlatforms) = postSolution
		{45817625-5FF6-4FE4-8E65-BD3E5A758406}.Debug|Any CPU.ActiveCfg = Debug|Any CPU
		{45817625-5FF6-4FE4-8E65-BD3E5A758406}.Debug|Any CPU.Build.0 = Debug|Any CPU
		{45817625-5FF6-4FE4-8E65-BD3E5A758406}.Release|Any CPU.ActiveCfg = Release|Any CPU
		{45817625-5FF6-4FE4-8E65-BD3E5A758406}.Release|Any CPU.Build.0 = Release|Any CPU
		{9AC08113-076A-40DE-8F9A-73BD5BBA9D60}.Debug|Any CPU.ActiveCfg = Debug|Any CPU
		{9AC08113-076A-40DE-8F9A-73BD5BBA9D60}.Debug|Any CPU.Build.0 = Debug|Any CPU
		{9AC08113-076A-40DE-8F9A-73BD5BBA9D60}.Release|Any CPU.ActiveCfg = Release|Any CPU
		{9AC08113-076A-40DE-8F9A-73BD5BBA9D60}.Release|Any CPU.Build.0 = Release|Any CPU
		{960B7760-294A-4A7B-833D-3FA1A24BF582}.Debug|Any CPU.ActiveCfg = Debug|Any CPU
		{960B7760-294A-4A7B-833D-3FA1A24BF582}.Debug|Any CPU.Build.0 = Debug|Any CPU
		{960B7760-294A-4A7B-833D-3FA1A24BF582}.Release|Any CPU.ActiveCfg = Release|Any CPU
		{960B7760-294A-4A7B-833D-3FA1A24BF582}.Release|Any CPU.Build.0 = Release|Any CPU
		{FA931CCD-11C9-4D3B-AD38-067A99A88B41}.Debug|Any CPU.ActiveCfg = Debug|Any CPU
		{FA931CCD-11C9-4D3B-AD38-067A99A88B41}.Debug|Any CPU.Build.0 = Debug|Any CPU
		{FA931CCD-11C9-4D3B-AD38-067A99A88B41}.Release|Any CPU.ActiveCfg = Release|Any CPU
		{FA931CCD-11C9-4D3B-AD38-067A99A88B41}.Release|Any CPU.Build.0 = Release|Any CPU
		{F8C53DA9-9818-48A0-8965-0B699D1708CF}.Debug|Any CPU.ActiveCfg = Debug|Any CPU
		{F8C53DA9-9818-48A0-8965-0B699D1708CF}.Debug|Any CPU.Build.0 = Debug|Any CPU
		{F8C53DA9-9818-48A0-8965-0B699D1708CF}.Release|Any CPU.ActiveCfg = Release|Any CPU
		{F8C53DA9-9818-48A0-8965-0B699D1708CF}.Release|Any CPU.Build.0 = Release|Any CPU
	EndGlobalSection
	GlobalSection(SolutionProperties) = preSolution
		HideSolutionNode = FALSE
	EndGlobalSection
	GlobalSection(ExtensibilityGlobals) = postSolution
		SolutionGuid = {2504F091-27FE-41A6-82C2-20C182ACA31E}
	EndGlobalSection
EndGlobal
